// !$*UTF8*$!
{
	archiveVersion = 1;
	classes = {
	};
	objectVersion = 56;
	objects = {

/* Begin PBXBuildFile section */
		AA9686F52AFD3EE500A68924 /* MaterialTabBarApp.swift in Sources */ = {isa = PBXBuildFile; fileRef = AA9686F42AFD3EE500A68924 /* MaterialTabBarApp.swift */; };
		AA9686F72AFD3EE500A68924 /* ContentView.swift in Sources */ = {isa = PBXBuildFile; fileRef = AA9686F62AFD3EE500A68924 /* ContentView.swift */; };
		AA9686F92AFD3EE600A68924 /* Assets.xcassets in Resources */ = {isa = PBXBuildFile; fileRef = AA9686F82AFD3EE600A68924 /* Assets.xcassets */; };
		AA9686FC2AFD3EE600A68924 /* Preview Assets.xcassets in Resources */ = {isa = PBXBuildFile; fileRef = AA9686FB2AFD3EE600A68924 /* Preview Assets.xcassets */; };
		AA9687032AFD3F0E00A68924 /* TabBarItem.swift in Sources */ = {isa = PBXBuildFile; fileRef = AA9687022AFD3F0E00A68924 /* TabBarItem.swift */; };
		AA9687052AFD3F2600A68924 /* MaterialTabBar.swift in Sources */ = {isa = PBXBuildFile; fileRef = AA9687042AFD3F2600A68924 /* MaterialTabBar.swift */; };
		AA9687072AFD3F5D00A68924 /* TabBarContainer.swift in Sources */ = {isa = PBXBuildFile; fileRef = AA9687062AFD3F5D00A68924 /* TabBarContainer.swift */; };
		AA9687092AFD3F8100A68924 /* TabBarItemPreferenceKey.swift in Sources */ = {isa = PBXBuildFile; fileRef = AA9687082AFD3F8100A68924 /* TabBarItemPreferenceKey.swift */; };
		AA96870B2AFD410B00A68924 /* SampleView.swift in Sources */ = {isa = PBXBuildFile; fileRef = AA96870A2AFD410B00A68924 /* SampleView.swift */; };
/* End PBXBuildFile section */

/* Begin PBXFileReference section */
		AA9686F12AFD3EE500A68924 /* MaterialTabBar.app */ = {isa = PBXFileReference; explicitFileType = wrapper.application; includeInIndex = 0; path = MaterialTabBar.app; sourceTree = BUILT_PRODUCTS_DIR; };
		AA9686F42AFD3EE500A68924 /* MaterialTabBarApp.swift */ = {isa = PBXFileReference; lastKnownFileType = sourcecode.swift; path = MaterialTabBarApp.swift; sourceTree = "<group>"; };
		AA9686F62AFD3EE500A68924 /* ContentView.swift */ = {isa = PBXFileReference; lastKnownFileType = sourcecode.swift; path = ContentView.swift; sourceTree = "<group>"; };
		AA9686F82AFD3EE600A68924 /* Assets.xcassets */ = {isa = PBXFileReference; lastKnownFileType = folder.assetcatalog; path = Assets.xcassets; sourceTree = "<group>"; };
		AA9686FB2AFD3EE600A68924 /* Preview Assets.xcassets */ = {isa = PBXFileReference; lastKnownFileType = folder.assetcatalog; path = "Preview Assets.xcassets"; sourceTree = "<group>"; };
		AA9687022AFD3F0E00A68924 /* TabBarItem.swift */ = {isa = PBXFileReference; lastKnownFileType = sourcecode.swift; path = TabBarItem.swift; sourceTree = "<group>"; };
		AA9687042AFD3F2600A68924 /* MaterialTabBar.swift */ = {isa = PBXFileReference; lastKnownFileType = sourcecode.swift; path = MaterialTabBar.swift; sourceTree = "<group>"; };
		AA9687062AFD3F5D00A68924 /* TabBarContainer.swift */ = {isa = PBXFileReference; lastKnownFileType = sourcecode.swift; path = TabBarContainer.swift; sourceTree = "<group>"; };
		AA9687082AFD3F8100A68924 /* TabBarItemPreferenceKey.swift */ = {isa = PBXFileReference; lastKnownFileType = sourcecode.swift; path = TabBarItemPreferenceKey.swift; sourceTree = "<group>"; };
		AA96870A2AFD410B00A68924 /* SampleView.swift */ = {isa = PBXFileReference; lastKnownFileType = sourcecode.swift; path = SampleView.swift; sourceTree = "<group>"; };
/* End PBXFileReference section */

/* Begin PBXFrameworksBuildPhase section */
		AA9686EE2AFD3EE500A68924 /* Frameworks */ = {
			isa = PBXFrameworksBuildPhase;
			buildActionMask = 2147483647;
			files = (
			);
			runOnlyForDeploymentPostprocessing = 0;
		};
/* End PBXFrameworksBuildPhase section */

/* Begin PBXGroup section */
		AA9686E82AFD3EE500A68924 = {
			isa = PBXGroup;
			children = (
				AA9686F32AFD3EE500A68924 /* MaterialTabBar */,
				AA9686F22AFD3EE500A68924 /* Products */,
			);
			sourceTree = "<group>";
		};
		AA9686F22AFD3EE500A68924 /* Products */ = {
			isa = PBXGroup;
			children = (
				AA9686F12AFD3EE500A68924 /* MaterialTabBar.app */,
			);
			name = Products;
			sourceTree = "<group>";
		};
		AA9686F32AFD3EE500A68924 /* MaterialTabBar */ = {
			isa = PBXGroup;
			children = (
				AA9686F42AFD3EE500A68924 /* MaterialTabBarApp.swift */,
				AA9686F62AFD3EE500A68924 /* ContentView.swift */,
				AA9687062AFD3F5D00A68924 /* TabBarContainer.swift */,
				AA9687042AFD3F2600A68924 /* MaterialTabBar.swift */,
				AA9687022AFD3F0E00A68924 /* TabBarItem.swift */,
				AA9687082AFD3F8100A68924 /* TabBarItemPreferenceKey.swift */,
				AA96870A2AFD410B00A68924 /* SampleView.swift */,
				AA9686F82AFD3EE600A68924 /* Assets.xcassets */,
				AA9686FA2AFD3EE600A68924 /* Preview Content */,
			);
			path = MaterialTabBar;
			sourceTree = "<group>";
		};
		AA9686FA2AFD3EE600A68924 /* Preview Content */ = {
			isa = PBXGroup;
			children = (
				AA9686FB2AFD3EE600A68924 /* Preview Assets.xcassets */,
			);
			path = "Preview Content";
			sourceTree = "<group>";
		};
/* End PBXGroup section */

/* Begin PBXNativeTarget section */
		AA9686F02AFD3EE500A68924 /* MaterialTabBar */ = {
			isa = PBXNativeTarget;
			buildConfigurationList = AA9686FF2AFD3EE600A68924 /* Build configuration list for PBXNativeTarget "MaterialTabBar" */;
			buildPhases = (
				AA9686ED2AFD3EE500A68924 /* Sources */,
				AA9686EE2AFD3EE500A68924 /* Frameworks */,
				AA9686EF2AFD3EE500A68924 /* Resources */,
			);
			buildRules = (
			);
			dependencies = (
			);
			name = MaterialTabBar;
			productName = MaterialTabBar;
			productReference = AA9686F12AFD3EE500A68924 /* MaterialTabBar.app */;
			productType = "com.apple.product-type.application";
		};
/* End PBXNativeTarget section */

/* Begin PBXProject section */
		AA9686E92AFD3EE500A68924 /* Project object */ = {
			isa = PBXProject;
			attributes = {
				BuildIndependentTargetsInParallel = 1;
				LastSwiftUpdateCheck = 1500;
				LastUpgradeCheck = 1500;
				TargetAttributes = {
					AA9686F02AFD3EE500A68924 = {
						CreatedOnToolsVersion = 15.0.1;
					};
				};
			};
			buildConfigurationList = AA9686EC2AFD3EE500A68924 /* Build configuration list for PBXProject "MaterialTabBar" */;
			compatibilityVersion = "Xcode 14.0";
			developmentRegion = en;
			hasScannedForEncodings = 0;
			knownRegions = (
				en,
				Base,
			);
			mainGroup = AA9686E82AFD3EE500A68924;
			productRefGroup = AA9686F22AFD3EE500A68924 /* Products */;
			projectDirPath = "";
			projectRoot = "";
			targets = (
				AA9686F02AFD3EE500A68924 /* MaterialTabBar */,
			);
		};
/* End PBXProject section */

/* Begin PBXResourcesBuildPhase section */
		AA9686EF2AFD3EE500A68924 /* Resources */ = {
			isa = PBXResourcesBuildPhase;
			buildActionMask = 2147483647;
			files = (
				AA9686FC2AFD3EE600A68924 /* Preview Assets.xcassets in Resources */,
				AA9686F92AFD3EE600A68924 /* Assets.xcassets in Resources */,
			);
			runOnlyForDeploymentPostprocessing = 0;
		};
/* End PBXResourcesBuildPhase section */

/* Begin PBXSourcesBuildPhase section */
		AA9686ED2AFD3EE500A68924 /* Sources */ = {
			isa = PBXSourcesBuildPhase;
			buildActionMask = 2147483647;
			files = (
				AA9687032AFD3F0E00A68924 /* TabBarItem.swift in Sources */,
				AA9687072AFD3F5D00A68924 /* TabBarContainer.swift in Sources */,
				AA96870B2AFD410B00A68924 /* SampleView.swift in Sources */,
				AA9686F72AFD3EE500A68924 /* ContentView.swift in Sources */,
				AA9687092AFD3F8100A68924 /* TabBarItemPreferenceKey.swift in Sources */,
				AA9687052AFD3F2600A68924 /* MaterialTabBar.swift in Sources */,
				AA9686F52AFD3EE500A68924 /* MaterialTabBarApp.swift in Sources */,
			);
			runOnlyForDeploymentPostprocessing = 0;
		};
/* End PBXSourcesBuildPhase section */

/* Begin XCBuildConfiguration section */
		AA9686FD2AFD3EE600A68924 /* Debug */ = {
			isa = XCBuildConfiguration;
			buildSettings = {
				ALWAYS_SEARCH_USER_PATHS = NO;
				ASSETCATALOG_COMPILER_GENERATE_SWIFT_ASSET_SYMBOL_EXTENSIONS = YES;
				CLANG_ANALYZER_NONNULL = YES;
				CLANG_ANALYZER_NUMBER_OBJECT_CONVERSION = YES_AGGRESSIVE;
				CLANG_CXX_LANGUAGE_STANDARD = "gnu++20";
				CLANG_ENABLE_MODULES = YES;
				CLANG_ENABLE_OBJC_ARC = YES;
				CLANG_ENABLE_OBJC_WEAK = YES;
				CLANG_WARN_BLOCK_CAPTURE_AUTORELEASING = YES;
				CLANG_WARN_BOOL_CONVERSION = YES;
				CLANG_WARN_COMMA = YES;
				CLANG_WARN_CONSTANT_CONVERSION = YES;
				CLANG_WARN_DEPRECATED_OBJC_IMPLEMENTATIONS = YES;
				CLANG_WARN_DIRECT_OBJC_ISA_USAGE = YES_ERROR;
				CLANG_WARN_DOCUMENTATION_COMMENTS = YES;
				CLANG_WARN_EMPTY_BODY = YES;
				CLANG_WARN_ENUM_CONVERSION = YES;
				CLANG_WARN_INFINITE_RECURSION = YES;
				CLANG_WARN_INT_CONVERSION = YES;
				CLANG_WARN_NON_LITERAL_NULL_CONVERSION = YES;
				CLANG_WARN_OBJC_IMPLICIT_RETAIN_SELF = YES;
				CLANG_WARN_OBJC_LITERAL_CONVERSION = YES;
				CLANG_WARN_OBJC_ROOT_CLASS = YES_ERROR;
				CLANG_WARN_QUOTED_INCLUDE_IN_FRAMEWORK_HEADER = YES;
				CLANG_WARN_RANGE_LOOP_ANALYSIS = YES;
				CLANG_WARN_STRICT_PROTOTYPES = YES;
				CLANG_WARN_SUSPICIOUS_MOVE = YES;
				CLANG_WARN_UNGUARDED_AVAILABILITY = YES_AGGRESSIVE;
				CLANG_WARN_UNREACHABLE_CODE = YES;
				CLANG_WARN__DUPLICATE_METHOD_MATCH = YES;
				COPY_PHASE_STRIP = NO;
				DEBUG_INFORMATION_FORMAT = dwarf;
				ENABLE_STRICT_OBJC_MSGSEND = YES;
				ENABLE_TESTABILITY = YES;
				ENABLE_USER_SCRIPT_SANDBOXING = YES;
				GCC_C_LANGUAGE_STANDARD = gnu17;
				GCC_DYNAMIC_NO_PIC = NO;
				GCC_NO_COMMON_BLOCKS = YES;
				GCC_OPTIMIZATION_LEVEL = 0;
				GCC_PREPROCESSOR_DEFINITIONS = (
					"DEBUG=1",
					"$(inherited)",
				);
				GCC_WARN_64_TO_32_BIT_CONVERSION = YES;
				GCC_WARN_ABOUT_RETURN_TYPE = YES_ERROR;
				GCC_WARN_UNDECLARED_SELECTOR = YES;
				GCC_WARN_UNINITIALIZED_AUTOS = YES_AGGRESSIVE;
				GCC_WARN_UNUSED_FUNCTION = YES;
				GCC_WARN_UNUSED_VARIABLE = YES;
				IPHONEOS_DEPLOYMENT_TARGET = 17.0;
				LOCALIZATION_PREFERS_STRING_CATALOGS = YES;
				MTL_ENABLE_DEBUG_INFO = INCLUDE_SOURCE;
				MTL_FAST_MATH = YES;
				ONLY_ACTIVE_ARCH = YES;
				SDKROOT = iphoneos;
				SWIFT_ACTIVE_COMPILATION_CONDITIONS = "DEBUG $(inherited)";
				SWIFT_OPTIMIZATION_LEVEL = "-Onone";
			};
			name = Debug;
		};
		AA9686FE2AFD3EE600A68924 /* Release */ = {
			isa = XCBuildConfiguration;
			buildSettings = {
				ALWAYS_SEARCH_USER_PATHS = NO;
				ASSETCATALOG_COMPILER_GENERATE_SWIFT_ASSET_SYMBOL_EXTENSIONS = YES;
				CLANG_ANALYZER_NONNULL = YES;
				CLANG_ANALYZER_NUMBER_OBJECT_CONVERSION = YES_AGGRESSIVE;
				CLANG_CXX_LANGUAGE_STANDARD = "gnu++20";
				CLANG_ENABLE_MODULES = YES;
				CLANG_ENABLE_OBJC_ARC = YES;
				CLANG_ENABLE_OBJC_WEAK = YES;
				CLANG_WARN_BLOCK_CAPTURE_AUTORELEASING = YES;
				CLANG_WARN_BOOL_CONVERSION = YES;
				CLANG_WARN_COMMA = YES;
				CLANG_WARN_CONSTANT_CONVERSION = YES;
				CLANG_WARN_DEPRECATED_OBJC_IMPLEMENTATIONS = YES;
				CLANG_WARN_DIRECT_OBJC_ISA_USAGE = YES_ERROR;
				CLANG_WARN_DOCUMENTATION_COMMENTS = YES;
				CLANG_WARN_EMPTY_BODY = YES;
				CLANG_WARN_ENUM_CONVERSION = YES;
				CLANG_WARN_INFINITE_RECURSION = YES;
				CLANG_WARN_INT_CONVERSION = YES;
				CLANG_WARN_NON_LITERAL_NULL_CONVERSION = YES;
				CLANG_WARN_OBJC_IMPLICIT_RETAIN_SELF = YES;
				CLANG_WARN_OBJC_LITERAL_CONVERSION = YES;
				CLANG_WARN_OBJC_ROOT_CLASS = YES_ERROR;
				CLANG_WARN_QUOTED_INCLUDE_IN_FRAMEWORK_HEADER = YES;
				CLANG_WARN_RANGE_LOOP_ANALYSIS = YES;
				CLANG_WARN_STRICT_PROTOTYPES = YES;
				CLANG_WARN_SUSPICIOUS_MOVE = YES;
				CLANG_WARN_UNGUARDED_AVAILABILITY = YES_AGGRESSIVE;
				CLANG_WARN_UNREACHABLE_CODE = YES;
				CLANG_WARN__DUPLICATE_METHOD_MATCH = YES;
				COPY_PHASE_STRIP = NO;
				DEBUG_INFORMATION_FORMAT = "dwarf-with-dsym";
				ENABLE_NS_ASSERTIONS = NO;
				ENABLE_STRICT_OBJC_MSGSEND = YES;
				ENABLE_USER_SCRIPT_SANDBOXING = YES;
				GCC_C_LANGUAGE_STANDARD = gnu17;
				GCC_NO_COMMON_BLOCKS = YES;
				GCC_WARN_64_TO_32_BIT_CONVERSION = YES;
				GCC_WARN_ABOUT_RETURN_TYPE = YES_ERROR;
				GCC_WARN_UNDECLARED_SELECTOR = YES;
				GCC_WARN_UNINITIALIZED_AUTOS = YES_AGGRESSIVE;
				GCC_WARN_UNUSED_FUNCTION = YES;
				GCC_WARN_UNUSED_VARIABLE = YES;
				IPHONEOS_DEPLOYMENT_TARGET = 17.0;
				LOCALIZATION_PREFERS_STRING_CATALOGS = YES;
				MTL_ENABLE_DEBUG_INFO = NO;
				MTL_FAST_MATH = YES;
				SDKROOT = iphoneos;
				SWIFT_COMPILATION_MODE = wholemodule;
				VALIDATE_PRODUCT = YES;
			};
			name = Release;
		};
		AA9687002AFD3EE600A68924 /* Debug */ = {
			isa = XCBuildConfiguration;
			buildSettings = {
				ASSETCATALOG_COMPILER_APPICON_NAME = AppIcon;
				ASSETCATALOG_COMPILER_GLOBAL_ACCENT_COLOR_NAME = AccentColor;
				CODE_SIGN_STYLE = Automatic;
				CURRENT_PROJECT_VERSION = 1;
				DEVELOPMENT_ASSET_PATHS = "\"MaterialTabBar/Preview Content\"";
				DEVELOPMENT_TEAM = N6RF4M6NH8;
				ENABLE_PREVIEWS = YES;
				GENERATE_INFOPLIST_FILE = YES;
				INFOPLIST_KEY_UIApplicationSceneManifest_Generation = YES;
				INFOPLIST_KEY_UIApplicationSupportsIndirectInputEvents = YES;
				INFOPLIST_KEY_UILaunchScreen_Generation = YES;
				INFOPLIST_KEY_UISupportedInterfaceOrientations_iPad = "UIInterfaceOrientationPortrait UIInterfaceOrientationPortraitUpsideDown UIInterfaceOrientationLandscapeLeft UIInterfaceOrientationLandscapeRight";
				INFOPLIST_KEY_UISupportedInterfaceOrientations_iPhone = "UIInterfaceOrientationPortrait UIInterfaceOrientationLandscapeLeft UIInterfaceOrientationLandscapeRight";
				LD_RUNPATH_SEARCH_PATHS = (
					"$(inherited)",
					"@executable_path/Frameworks",
				);
				MARKETING_VERSION = 1.0;
				PRODUCT_BUNDLE_IDENTIFIER = com.christianlavelle.MaterialTabBar;
				PRODUCT_NAME = "$(TARGET_NAME)";
				SWIFT_EMIT_LOC_STRINGS = YES;
				SWIFT_VERSION = 5.0;
				TARGETED_DEVICE_FAMILY = "1,2";
			};
			name = Debug;
		};
		AA9687012AFD3EE600A68924 /* Release */ = {
			isa = XCBuildConfiguration;
			buildSettings = {
				ASSETCATALOG_COMPILER_APPICON_NAME = AppIcon;
				ASSETCATALOG_COMPILER_GLOBAL_ACCENT_COLOR_NAME = AccentColor;
				CODE_SIGN_STYLE = Automatic;
				CURRENT_PROJECT_VERSION = 1;
				DEVELOPMENT_ASSET_PATHS = "\"MaterialTabBar/Preview Content\"";
				DEVELOPMENT_TEAM = N6RF4M6NH8;
				ENABLE_PREVIEWS = YES;
				GENERATE_INFOPLIST_FILE = YES;
				INFOPLIST_KEY_UIApplicationSceneManifest_Generation = YES;
				INFOPLIST_KEY_UIApplicationSupportsIndirectInputEvents = YES;
				INFOPLIST_KEY_UILaunchScreen_Generation = YES;
				INFOPLIST_KEY_UISupportedInterfaceOrientations_iPad = "UIInterfaceOrientationPortrait UIInterfaceOrientationPortraitUpsideDown UIInterfaceOrientationLandscapeLeft UIInterfaceOrientationLandscapeRight";
				INFOPLIST_KEY_UISupportedInterfaceOrientations_iPhone = "UIInterfaceOrientationPortrait UIInterfaceOrientationLandscapeLeft UIInterfaceOrientationLandscapeRight";
				LD_RUNPATH_SEARCH_PATHS = (
					"$(inherited)",
					"@executable_path/Frameworks",
				);
				MARKETING_VERSION = 1.0;
				PRODUCT_BUNDLE_IDENTIFIER = com.christianlavelle.MaterialTabBar;
				PRODUCT_NAME = "$(TARGET_NAME)";
				SWIFT_EMIT_LOC_STRINGS = YES;
				SWIFT_VERSION = 5.0;
				TARGETED_DEVICE_FAMILY = "1,2";
			};
			name = Release;
		};
/* End XCBuildConfiguration section */

/* Begin XCConfigurationList section */
		AA9686EC2AFD3EE500A68924 /* Build configuration list for PBXProject "MaterialTabBar" */ = {
			isa = XCConfigurationList;
			buildConfigurations = (
				AA9686FD2AFD3EE600A68924 /* Debug */,
				AA9686FE2AFD3EE600A68924 /* Release */,
			);
			defaultConfigurationIsVisible = 0;
			defaultConfigurationName = Release;
		};
		AA9686FF2AFD3EE600A68924 /* Build configuration list for PBXNativeTarget "MaterialTabBar" */ = {
			isa = XCConfigurationList;
			buildConfigurations = (
				AA9687002AFD3EE600A68924 /* Debug */,
				AA9687012AFD3EE600A68924 /* Release */,
			);
			defaultConfigurationIsVisible = 0;
			defaultConfigurationName = Release;
		};
/* End XCConfigurationList section */
	};
	rootObject = AA9686E92AFD3EE500A68924 /* Project object */;
}
